// !$*UTF8*$!
{
	archiveVersion = 1;
	classes = {
	};
	objectVersion = 50;
	objects = {

/* Begin PBXBuildFile section */
		9060243F240B2F1400DBB3D3 /* AppDelegate.swift in Sources */ = {isa = PBXBuildFile; fileRef = 9060243E240B2F1400DBB3D3 /* AppDelegate.swift */; };
		90602441240B2F1400DBB3D3 /* SceneDelegate.swift in Sources */ = {isa = PBXBuildFile; fileRef = 90602440240B2F1400DBB3D3 /* SceneDelegate.swift */; };
		90602443240B2F1400DBB3D3 /* ViewController.swift in Sources */ = {isa = PBXBuildFile; fileRef = 90602442240B2F1400DBB3D3 /* ViewController.swift */; };
		90602446240B2F1400DBB3D3 /* Main.storyboard in Resources */ = {isa = PBXBuildFile; fileRef = 90602444240B2F1400DBB3D3 /* Main.storyboard */; };
		90602448240B2F1600DBB3D3 /* Assets.xcassets in Resources */ = {isa = PBXBuildFile; fileRef = 90602447240B2F1600DBB3D3 /* Assets.xcassets */; };
		9060244B240B2F1600DBB3D3 /* LaunchScreen.storyboard in Resources */ = {isa = PBXBuildFile; fileRef = 90602449240B2F1600DBB3D3 /* LaunchScreen.storyboard */; };
		90602456240B2F1600DBB3D3 /* Volon1Tests.swift in Sources */ = {isa = PBXBuildFile; fileRef = 90602455240B2F1600DBB3D3 /* Volon1Tests.swift */; };
		90602461240B2F1600DBB3D3 /* Volon1UITests.swift in Sources */ = {isa = PBXBuildFile; fileRef = 90602460240B2F1600DBB3D3 /* Volon1UITests.swift */; };
/* End PBXBuildFile section */

/* Begin PBXContainerItemProxy section */
		90602452240B2F1600DBB3D3 /* PBXContainerItemProxy */ = {
			isa = PBXContainerItemProxy;
			containerPortal = 90602433240B2F1400DBB3D3 /* Project object */;
			proxyType = 1;
			remoteGlobalIDString = 9060243A240B2F1400DBB3D3;
			remoteInfo = Volon1;
		};
		9060245D240B2F1600DBB3D3 /* PBXContainerItemProxy */ = {
			isa = PBXContainerItemProxy;
			containerPortal = 90602433240B2F1400DBB3D3 /* Project object */;
			proxyType = 1;
			remoteGlobalIDString = 9060243A240B2F1400DBB3D3;
			remoteInfo = Volon1;
		};
/* End PBXContainerItemProxy section */

/* Begin PBXFileReference section */
		9060243B240B2F1400DBB3D3 /* Volon1.app */ = {isa = PBXFileReference; explicitFileType = wrapper.application; includeInIndex = 0; path = Volon1.app; sourceTree = BUILT_PRODUCTS_DIR; };
		9060243E240B2F1400DBB3D3 /* AppDelegate.swift */ = {isa = PBXFileReference; lastKnownFileType = sourcecode.swift; path = AppDelegate.swift; sourceTree = "<group>"; };
		90602440240B2F1400DBB3D3 /* SceneDelegate.swift */ = {isa = PBXFileReference; lastKnownFileType = sourcecode.swift; path = SceneDelegate.swift; sourceTree = "<group>"; };
		90602442240B2F1400DBB3D3 /* ViewController.swift */ = {isa = PBXFileReference; lastKnownFileType = sourcecode.swift; path = ViewController.swift; sourceTree = "<group>"; };
		90602445240B2F1400DBB3D3 /* Base */ = {isa = PBXFileReference; lastKnownFileType = file.storyboard; name = Base; path = Base.lproj/Main.storyboard; sourceTree = "<group>"; };
		90602447240B2F1600DBB3D3 /* Assets.xcassets */ = {isa = PBXFileReference; lastKnownFileType = folder.assetcatalog; path = Assets.xcassets; sourceTree = "<group>"; };
		9060244A240B2F1600DBB3D3 /* Base */ = {isa = PBXFileReference; lastKnownFileType = file.storyboard; name = Base; path = Base.lproj/LaunchScreen.storyboard; sourceTree = "<group>"; };
		9060244C240B2F1600DBB3D3 /* Info.plist */ = {isa = PBXFileReference; lastKnownFileType = text.plist.xml; path = Info.plist; sourceTree = "<group>"; };
		90602451240B2F1600DBB3D3 /* Volon1Tests.xctest */ = {isa = PBXFileReference; explicitFileType = wrapper.cfbundle; includeInIndex = 0; path = Volon1Tests.xctest; sourceTree = BUILT_PRODUCTS_DIR; };
		90602455240B2F1600DBB3D3 /* Volon1Tests.swift */ = {isa = PBXFileReference; lastKnownFileType = sourcecode.swift; path = Volon1Tests.swift; sourceTree = "<group>"; };
		90602457240B2F1600DBB3D3 /* Info.plist */ = {isa = PBXFileReference; lastKnownFileType = text.plist.xml; path = Info.plist; sourceTree = "<group>"; };
		9060245C240B2F1600DBB3D3 /* Volon1UITests.xctest */ = {isa = PBXFileReference; explicitFileType = wrapper.cfbundle; includeInIndex = 0; path = Volon1UITests.xctest; sourceTree = BUILT_PRODUCTS_DIR; };
		90602460240B2F1600DBB3D3 /* Volon1UITests.swift */ = {isa = PBXFileReference; lastKnownFileType = sourcecode.swift; path = Volon1UITests.swift; sourceTree = "<group>"; };
		90602462240B2F1600DBB3D3 /* Info.plist */ = {isa = PBXFileReference; lastKnownFileType = text.plist.xml; path = Info.plist; sourceTree = "<group>"; };
/* End PBXFileReference section */

/* Begin PBXFrameworksBuildPhase section */
		90602438240B2F1400DBB3D3 /* Frameworks */ = {
			isa = PBXFrameworksBuildPhase;
			buildActionMask = 2147483647;
			files = (
			);
			runOnlyForDeploymentPostprocessing = 0;
		};
		9060244E240B2F1600DBB3D3 /* Frameworks */ = {
			isa = PBXFrameworksBuildPhase;
			buildActionMask = 2147483647;
			files = (
			);
			runOnlyForDeploymentPostprocessing = 0;
		};
		90602459240B2F1600DBB3D3 /* Frameworks */ = {
			isa = PBXFrameworksBuildPhase;
			buildActionMask = 2147483647;
			files = (
			);
			runOnlyForDeploymentPostprocessing = 0;
		};
/* End PBXFrameworksBuildPhase section */

/* Begin PBXGroup section */
		90602432240B2F1400DBB3D3 = {
			isa = PBXGroup;
			children = (
				9060243D240B2F1400DBB3D3 /* Volon1 */,
				90602454240B2F1600DBB3D3 /* Volon1Tests */,
				9060245F240B2F1600DBB3D3 /* Volon1UITests */,
				9060243C240B2F1400DBB3D3 /* Products */,
			);
			sourceTree = "<group>";
		};
		9060243C240B2F1400DBB3D3 /* Products */ = {
			isa = PBXGroup;
			children = (
				9060243B240B2F1400DBB3D3 /* Volon1.app */,
				90602451240B2F1600DBB3D3 /* Volon1Tests.xctest */,
				9060245C240B2F1600DBB3D3 /* Volon1UITests.xctest */,
			);
			name = Products;
			sourceTree = "<group>";
		};
		9060243D240B2F1400DBB3D3 /* Volon1 */ = {
			isa = PBXGroup;
			children = (
				9060243E240B2F1400DBB3D3 /* AppDelegate.swift */,
				90602440240B2F1400DBB3D3 /* SceneDelegate.swift */,
				90602442240B2F1400DBB3D3 /* ViewController.swift */,
				90602444240B2F1400DBB3D3 /* Main.storyboard */,
				90602447240B2F1600DBB3D3 /* Assets.xcassets */,
				90602449240B2F1600DBB3D3 /* LaunchScreen.storyboard */,
				9060244C240B2F1600DBB3D3 /* Info.plist */,
			);
			path = Volon1;
			sourceTree = "<group>";
		};
		90602454240B2F1600DBB3D3 /* Volon1Tests */ = {
			isa = PBXGroup;
			children = (
				90602455240B2F1600DBB3D3 /* Volon1Tests.swift */,
				90602457240B2F1600DBB3D3 /* Info.plist */,
			);
			path = Volon1Tests;
			sourceTree = "<group>";
		};
		9060245F240B2F1600DBB3D3 /* Volon1UITests */ = {
			isa = PBXGroup;
			children = (
				90602460240B2F1600DBB3D3 /* Volon1UITests.swift */,
				90602462240B2F1600DBB3D3 /* Info.plist */,
			);
			path = Volon1UITests;
			sourceTree = "<group>";
		};
/* End PBXGroup section */

/* Begin PBXNativeTarget section */
		9060243A240B2F1400DBB3D3 /* Volon1 */ = {
			isa = PBXNativeTarget;
			buildConfigurationList = 90602465240B2F1600DBB3D3 /* Build configuration list for PBXNativeTarget "Volon1" */;
			buildPhases = (
				90602437240B2F1400DBB3D3 /* Sources */,
				90602438240B2F1400DBB3D3 /* Frameworks */,
				90602439240B2F1400DBB3D3 /* Resources */,
			);
			buildRules = (
			);
			dependencies = (
			);
			name = Volon1;
			productName = Volon1;
			productReference = 9060243B240B2F1400DBB3D3 /* Volon1.app */;
			productType = "com.apple.product-type.application";
		};
		90602450240B2F1600DBB3D3 /* Volon1Tests */ = {
			isa = PBXNativeTarget;
			buildConfigurationList = 90602468240B2F1600DBB3D3 /* Build configuration list for PBXNativeTarget "Volon1Tests" */;
			buildPhases = (
				9060244D240B2F1600DBB3D3 /* Sources */,
				9060244E240B2F1600DBB3D3 /* Frameworks */,
				9060244F240B2F1600DBB3D3 /* Resources */,
			);
			buildRules = (
			);
			dependencies = (
				90602453240B2F1600DBB3D3 /* PBXTargetDependency */,
			);
			name = Volon1Tests;
			productName = Volon1Tests;
			productReference = 90602451240B2F1600DBB3D3 /* Volon1Tests.xctest */;
			productType = "com.apple.product-type.bundle.unit-test";
		};
		9060245B240B2F1600DBB3D3 /* Volon1UITests */ = {
			isa = PBXNativeTarget;
			buildConfigurationList = 9060246B240B2F1600DBB3D3 /* Build configuration list for PBXNativeTarget "Volon1UITests" */;
			buildPhases = (
				90602458240B2F1600DBB3D3 /* Sources */,
				90602459240B2F1600DBB3D3 /* Frameworks */,
				9060245A240B2F1600DBB3D3 /* Resources */,
			);
			buildRules = (
			);
			dependencies = (
				9060245E240B2F1600DBB3D3 /* PBXTargetDependency */,
			);
			name = Volon1UITests;
			productName = Volon1UITests;
			productReference = 9060245C240B2F1600DBB3D3 /* Volon1UITests.xctest */;
			productType = "com.apple.product-type.bundle.ui-testing";
		};
/* End PBXNativeTarget section */

/* Begin PBXProject section */
		90602433240B2F1400DBB3D3 /* Project object */ = {
			isa = PBXProject;
			attributes = {
				LastSwiftUpdateCheck = 1130;
				LastUpgradeCheck = 1130;
				ORGANIZATIONNAME = "Bryant Bettencourt";
				TargetAttributes = {
					9060243A240B2F1400DBB3D3 = {
						CreatedOnToolsVersion = 11.3.1;
					};
					90602450240B2F1600DBB3D3 = {
						CreatedOnToolsVersion = 11.3.1;
						TestTargetID = 9060243A240B2F1400DBB3D3;
					};
					9060245B240B2F1600DBB3D3 = {
						CreatedOnToolsVersion = 11.3.1;
						TestTargetID = 9060243A240B2F1400DBB3D3;
					};
				};
			};
			buildConfigurationList = 90602436240B2F1400DBB3D3 /* Build configuration list for PBXProject "Volon1" */;
			compatibilityVersion = "Xcode 9.3";
			developmentRegion = en;
			hasScannedForEncodings = 0;
			knownRegions = (
				en,
				Base,
			);
			mainGroup = 90602432240B2F1400DBB3D3;
			productRefGroup = 9060243C240B2F1400DBB3D3 /* Products */;
			projectDirPath = "";
			projectRoot = "";
			targets = (
				9060243A240B2F1400DBB3D3 /* Volon1 */,
				90602450240B2F1600DBB3D3 /* Volon1Tests */,
				9060245B240B2F1600DBB3D3 /* Volon1UITests */,
			);
		};
/* End PBXProject section */

/* Begin PBXResourcesBuildPhase section */
		90602439240B2F1400DBB3D3 /* Resources */ = {
			isa = PBXResourcesBuildPhase;
			buildActionMask = 2147483647;
			files = (
				9060244B240B2F1600DBB3D3 /* LaunchScreen.storyboard in Resources */,
				90602448240B2F1600DBB3D3 /* Assets.xcassets in Resources */,
				90602446240B2F1400DBB3D3 /* Main.storyboard in Resources */,
			);
			runOnlyForDeploymentPostprocessing = 0;
		};
		9060244F240B2F1600DBB3D3 /* Resources */ = {
			isa = PBXResourcesBuildPhase;
			buildActionMask = 2147483647;
			files = (
			);
			runOnlyForDeploymentPostprocessing = 0;
		};
		9060245A240B2F1600DBB3D3 /* Resources */ = {
			isa = PBXResourcesBuildPhase;
			buildActionMask = 2147483647;
			files = (
			);
			runOnlyForDeploymentPostprocessing = 0;
		};
/* End PBXResourcesBuildPhase section */

/* Begin PBXSourcesBuildPhase section */
		90602437240B2F1400DBB3D3 /* Sources */ = {
			isa = PBXSourcesBuildPhase;
			buildActionMask = 2147483647;
			files = (
				90602443240B2F1400DBB3D3 /* ViewController.swift in Sources */,
				9060243F240B2F1400DBB3D3 /* AppDelegate.swift in Sources */,
				90602441240B2F1400DBB3D3 /* SceneDelegate.swift in Sources */,
			);
			runOnlyForDeploymentPostprocessing = 0;
		};
		9060244D240B2F1600DBB3D3 /* Sources */ = {
			isa = PBXSourcesBuildPhase;
			buildActionMask = 2147483647;
			files = (
				90602456240B2F1600DBB3D3 /* Volon1Tests.swift in Sources */,
			);
			runOnlyForDeploymentPostprocessing = 0;
		};
		90602458240B2F1600DBB3D3 /* Sources */ = {
			isa = PBXSourcesBuildPhase;
			buildActionMask = 2147483647;
			files = (
				90602461240B2F1600DBB3D3 /* Volon1UITests.swift in Sources */,
			);
			runOnlyForDeploymentPostprocessing = 0;
		};
/* End PBXSourcesBuildPhase section */

/* Begin PBXTargetDependency section */
		90602453240B2F1600DBB3D3 /* PBXTargetDependency */ = {
			isa = PBXTargetDependency;
			target = 9060243A240B2F1400DBB3D3 /* Volon1 */;
			targetProxy = 90602452240B2F1600DBB3D3 /* PBXContainerItemProxy */;
		};
		9060245E240B2F1600DBB3D3 /* PBXTargetDependency */ = {
			isa = PBXTargetDependency;
			target = 9060243A240B2F1400DBB3D3 /* Volon1 */;
			targetProxy = 9060245D240B2F1600DBB3D3 /* PBXContainerItemProxy */;
		};
/* End PBXTargetDependency section */

/* Begin PBXVariantGroup section */
		90602444240B2F1400DBB3D3 /* Main.storyboard */ = {
			isa = PBXVariantGroup;
			children = (
				90602445240B2F1400DBB3D3 /* Base */,
			);
			name = Main.storyboard;
			sourceTree = "<group>";
		};
		90602449240B2F1600DBB3D3 /* LaunchScreen.storyboard */ = {
			isa = PBXVariantGroup;
			children = (
				9060244A240B2F1600DBB3D3 /* Base */,
			);
			name = LaunchScreen.storyboard;
			sourceTree = "<group>";
		};
/* End PBXVariantGroup section */

/* Begin XCBuildConfiguration section */
		90602463240B2F1600DBB3D3 /* Debug */ = {
			isa = XCBuildConfiguration;
			buildSettings = {
				ALWAYS_SEARCH_USER_PATHS = NO;
				CLANG_ANALYZER_NONNULL = YES;
				CLANG_ANALYZER_NUMBER_OBJECT_CONVERSION = YES_AGGRESSIVE;
				CLANG_CXX_LANGUAGE_STANDARD = "gnu++14";
				CLANG_CXX_LIBRARY = "libc++";
				CLANG_ENABLE_MODULES = YES;
				CLANG_ENABLE_OBJC_ARC = YES;
				CLANG_ENABLE_OBJC_WEAK = YES;
				CLANG_WARN_BLOCK_CAPTURE_AUTORELEASING = YES;
				CLANG_WARN_BOOL_CONVERSION = YES;
				CLANG_WARN_COMMA = YES;
				CLANG_WARN_CONSTANT_CONVERSION = YES;
				CLANG_WARN_DEPRECATED_OBJC_IMPLEMENTATIONS = YES;
				CLANG_WARN_DIRECT_OBJC_ISA_USAGE = YES_ERROR;
				CLANG_WARN_DOCUMENTATION_COMMENTS = YES;
				CLANG_WARN_EMPTY_BODY = YES;
				CLANG_WARN_ENUM_CONVERSION = YES;
				CLANG_WARN_INFINITE_RECURSION = YES;
				CLANG_WARN_INT_CONVERSION = YES;
				CLANG_WARN_NON_LITERAL_NULL_CONVERSION = YES;
				CLANG_WARN_OBJC_IMPLICIT_RETAIN_SELF = YES;
				CLANG_WARN_OBJC_LITERAL_CONVERSION = YES;
				CLANG_WARN_OBJC_ROOT_CLASS = YES_ERROR;
				CLANG_WARN_RANGE_LOOP_ANALYSIS = YES;
				CLANG_WARN_STRICT_PROTOTYPES = YES;
				CLANG_WARN_SUSPICIOUS_MOVE = YES;
				CLANG_WARN_UNGUARDED_AVAILABILITY = YES_AGGRESSIVE;
				CLANG_WARN_UNREACHABLE_CODE = YES;
				CLANG_WARN__DUPLICATE_METHOD_MATCH = YES;
				COPY_PHASE_STRIP = NO;
				DEBUG_INFORMATION_FORMAT = dwarf;
				ENABLE_STRICT_OBJC_MSGSEND = YES;
				ENABLE_TESTABILITY = YES;
				GCC_C_LANGUAGE_STANDARD = gnu11;
				GCC_DYNAMIC_NO_PIC = NO;
				GCC_NO_COMMON_BLOCKS = YES;
				GCC_OPTIMIZATION_LEVEL = 0;
				GCC_PREPROCESSOR_DEFINITIONS = (
					"DEBUG=1",
					"$(inherited)",
				);
				GCC_WARN_64_TO_32_BIT_CONVERSION = YES;
				GCC_WARN_ABOUT_RETURN_TYPE = YES_ERROR;
				GCC_WARN_UNDECLARED_SELECTOR = YES;
				GCC_WARN_UNINITIALIZED_AUTOS = YES_AGGRESSIVE;
				GCC_WARN_UNUSED_FUNCTION = YES;
				GCC_WARN_UNUSED_VARIABLE = YES;
				IPHONEOS_DEPLOYMENT_TARGET = 13.2;
				MTL_ENABLE_DEBUG_INFO = INCLUDE_SOURCE;
				MTL_FAST_MATH = YES;
				ONLY_ACTIVE_ARCH = YES;
				SDKROOT = iphoneos;
				SWIFT_ACTIVE_COMPILATION_CONDITIONS = DEBUG;
				SWIFT_OPTIMIZATION_LEVEL = "-Onone";
			};
			name = Debug;
		};
		90602464240B2F1600DBB3D3 /* Release */ = {
			isa = XCBuildConfiguration;
			buildSettings = {
				ALWAYS_SEARCH_USER_PATHS = NO;
				CLANG_ANALYZER_NONNULL = YES;
				CLANG_ANALYZER_NUMBER_OBJECT_CONVERSION = YES_AGGRESSIVE;
				CLANG_CXX_LANGUAGE_STANDARD = "gnu++14";
				CLANG_CXX_LIBRARY = "libc++";
				CLANG_ENABLE_MODULES = YES;
				CLANG_ENABLE_OBJC_ARC = YES;
				CLANG_ENABLE_OBJC_WEAK = YES;
				CLANG_WARN_BLOCK_CAPTURE_AUTORELEASING = YES;
				CLANG_WARN_BOOL_CONVERSION = YES;
				CLANG_WARN_COMMA = YES;
				CLANG_WARN_CONSTANT_CONVERSION = YES;
				CLANG_WARN_DEPRECATED_OBJC_IMPLEMENTATIONS = YES;
				CLANG_WARN_DIRECT_OBJC_ISA_USAGE = YES_ERROR;
				CLANG_WARN_DOCUMENTATION_COMMENTS = YES;
				CLANG_WARN_EMPTY_BODY = YES;
				CLANG_WARN_ENUM_CONVERSION = YES;
				CLANG_WARN_INFINITE_RECURSION = YES;
				CLANG_WARN_INT_CONVERSION = YES;
				CLANG_WARN_NON_LITERAL_NULL_CONVERSION = YES;
				CLANG_WARN_OBJC_IMPLICIT_RETAIN_SELF = YES;
				CLANG_WARN_OBJC_LITERAL_CONVERSION = YES;
				CLANG_WARN_OBJC_ROOT_CLASS = YES_ERROR;
				CLANG_WARN_RANGE_LOOP_ANALYSIS = YES;
				CLANG_WARN_STRICT_PROTOTYPES = YES;
				CLANG_WARN_SUSPICIOUS_MOVE = YES;
				CLANG_WARN_UNGUARDED_AVAILABILITY = YES_AGGRESSIVE;
				CLANG_WARN_UNREACHABLE_CODE = YES;
				CLANG_WARN__DUPLICATE_METHOD_MATCH = YES;
				COPY_PHASE_STRIP = NO;
				DEBUG_INFORMATION_FORMAT = "dwarf-with-dsym";
				ENABLE_NS_ASSERTIONS = NO;
				ENABLE_STRICT_OBJC_MSGSEND = YES;
				GCC_C_LANGUAGE_STANDARD = gnu11;
				GCC_NO_COMMON_BLOCKS = YES;
				GCC_WARN_64_TO_32_BIT_CONVERSION = YES;
				GCC_WARN_ABOUT_RETURN_TYPE = YES_ERROR;
				GCC_WARN_UNDECLARED_SELECTOR = YES;
				GCC_WARN_UNINITIALIZED_AUTOS = YES_AGGRESSIVE;
				GCC_WARN_UNUSED_FUNCTION = YES;
				GCC_WARN_UNUSED_VARIABLE = YES;
				IPHONEOS_DEPLOYMENT_TARGET = 13.2;
				MTL_ENABLE_DEBUG_INFO = NO;
				MTL_FAST_MATH = YES;
				SDKROOT = iphoneos;
				SWIFT_COMPILATION_MODE = wholemodule;
				SWIFT_OPTIMIZATION_LEVEL = "-O";
				VALIDATE_PRODUCT = YES;
			};
			name = Release;
		};
		90602466240B2F1600DBB3D3 /* Debug */ = {
			isa = XCBuildConfiguration;
			buildSettings = {
				ASSETCATALOG_COMPILER_APPICON_NAME = AppIcon;
				CODE_SIGN_STYLE = Automatic;
				INFOPLIST_FILE = Volon1/Info.plist;
				LD_RUNPATH_SEARCH_PATHS = (
					"$(inherited)",
					"@executable_path/Frameworks",
				);
				PRODUCT_BUNDLE_IDENTIFIER = bryantbettencourt.com.Volon1;
				PRODUCT_NAME = "$(TARGET_NAME)";
				SWIFT_VERSION = 5.0;
				TARGETED_DEVICE_FAMILY = "1,2";
			};
			name = Debug;
		};
		90602467240B2F1600DBB3D3 /* Release */ = {
			isa = XCBuildConfiguration;
			buildSettings = {
				ASSETCATALOG_COMPILER_APPICON_NAME = AppIcon;
				CODE_SIGN_STYLE = Automatic;
				INFOPLIST_FILE = Volon1/Info.plist;
				LD_RUNPATH_SEARCH_PATHS = (
					"$(inherited)",
					"@executable_path/Frameworks",
				);
				PRODUCT_BUNDLE_IDENTIFIER = bryantbettencourt.com.Volon1;
				PRODUCT_NAME = "$(TARGET_NAME)";
				SWIFT_VERSION = 5.0;
				TARGETED_DEVICE_FAMILY = "1,2";
			};
			name = Release;
		};
		90602469240B2F1600DBB3D3 /* Debug */ = {
			isa = XCBuildConfiguration;
			buildSettings = {
				ALWAYS_EMBED_SWIFT_STANDARD_LIBRARIES = YES;
				BUNDLE_LOADER = "$(TEST_HOST)";
				CODE_SIGN_STYLE = Automatic;
				INFOPLIST_FILE = Volon1Tests/Info.plist;
				IPHONEOS_DEPLOYMENT_TARGET = 13.2;
				LD_RUNPATH_SEARCH_PATHS = (
					"$(inherited)",
					"@executable_path/Frameworks",
					"@loader_path/Frameworks",
				);
				PRODUCT_BUNDLE_IDENTIFIER = bryantbettencourt.com.Volon1Tests;
				PRODUCT_NAME = "$(TARGET_NAME)";
				SWIFT_VERSION = 5.0;
				TARGETED_DEVICE_FAMILY = "1,2";
				TEST_HOST = "$(BUILT_PRODUCTS_DIR)/Volon1.app/Volon1";
			};
			name = Debug;
		};
		9060246A240B2F1600DBB3D3 /* Release */ = {
			isa = XCBuildConfiguration;
			buildSettings = {
				ALWAYS_EMBED_SWIFT_STANDARD_LIBRARIES = YES;
				BUNDLE_LOADER = "$(TEST_HOST)";
				CODE_SIGN_STYLE = Automatic;
				INFOPLIST_FILE = Volon1Tests/Info.plist;
				IPHONEOS_DEPLOYMENT_TARGET = 13.2;
				LD_RUNPATH_SEARCH_PATHS = (
					"$(inherited)",
					"@executable_path/Frameworks",
					"@loader_path/Frameworks",
				);
				PRODUCT_BUNDLE_IDENTIFIER = bryantbettencourt.com.Volon1Tests;
				PRODUCT_NAME = "$(TARGET_NAME)";
				SWIFT_VERSION = 5.0;
				TARGETED_DEVICE_FAMILY = "1,2";
				TEST_HOST = "$(BUILT_PRODUCTS_DIR)/Volon1.app/Volon1";
			};
			name = Release;
		};
		9060246C240B2F1600DBB3D3 /* Debug */ = {
			isa = XCBuildConfiguration;
			buildSettings = {
				ALWAYS_EMBED_SWIFT_STANDARD_LIBRARIES = YES;
				CODE_SIGN_STYLE = Automatic;
				INFOPLIST_FILE = Volon1UITests/Info.plist;
				LD_RUNPATH_SEARCH_PATHS = (
					"$(inherited)",
					"@executable_path/Frameworks",
					"@loader_path/Frameworks",
				);
				PRODUCT_BUNDLE_IDENTIFIER = bryantbettencourt.com.Volon1UITests;
				PRODUCT_NAME = "$(TARGET_NAME)";
				SWIFT_VERSION = 5.0;
				TARGETED_DEVICE_FAMILY = "1,2";
				TEST_TARGET_NAME = Volon1;
			};
			name = Debug;
		};
		9060246D240B2F1600DBB3D3 /* Release */ = {
			isa = XCBuildConfiguration;
			buildSettings = {
				ALWAYS_EMBED_SWIFT_STANDARD_LIBRARIES = YES;
				CODE_SIGN_STYLE = Automatic;
				INFOPLIST_FILE = Volon1UITests/Info.plist;
				LD_RUNPATH_SEARCH_PATHS = (
					"$(inherited)",
					"@executable_path/Frameworks",
					"@loader_path/Frameworks",
				);
				PRODUCT_BUNDLE_IDENTIFIER = bryantbettencourt.com.Volon1UITests;
				PRODUCT_NAME = "$(TARGET_NAME)";
				SWIFT_VERSION = 5.0;
				TARGETED_DEVICE_FAMILY = "1,2";
				TEST_TARGET_NAME = Volon1;
			};
			name = Release;
		};
/* End XCBuildConfiguration section */

/* Begin XCConfigurationList section */
		90602436240B2F1400DBB3D3 /* Build configuration list for PBXProject "Volon1" */ = {
			isa = XCConfigurationList;
			buildConfigurations = (
				90602463240B2F1600DBB3D3 /* Debug */,
				90602464240B2F1600DBB3D3 /* Release */,
			);
			defaultConfigurationIsVisible = 0;
			defaultConfigurationName = Release;
		};
		90602465240B2F1600DBB3D3 /* Build configuration list for PBXNativeTarget "Volon1" */ = {
			isa = XCConfigurationList;
			buildConfigurations = (
				90602466240B2F1600DBB3D3 /* Debug */,
				90602467240B2F1600DBB3D3 /* Release */,
			);
			defaultConfigurationIsVisible = 0;
			defaultConfigurationName = Release;
		};
		90602468240B2F1600DBB3D3 /* Build configuration list for PBXNativeTarget "Volon1Tests" */ = {
			isa = XCConfigurationList;
			buildConfigurations = (
				90602469240B2F1600DBB3D3 /* Debug */,
				9060246A240B2F1600DBB3D3 /* Release */,
			);
			defaultConfigurationIsVisible = 0;
			defaultConfigurationName = Release;
		};
		9060246B240B2F1600DBB3D3 /* Build configuration list for PBXNativeTarget "Volon1UITests" */ = {
			isa = XCConfigurationList;
			buildConfigurations = (
				9060246C240B2F1600DBB3D3 /* Debug */,
				9060246D240B2F1600DBB3D3 /* Release */,
			);
			defaultConfigurationIsVisible = 0;
			defaultConfigurationName = Release;
		};
/* End XCConfigurationList section */
	};
	rootObject = 90602433240B2F1400DBB3D3 /* Project object */;
}
